// !$*UTF8*$!
{
	archiveVersion = 1;
	classes = {
	};
	objectVersion = 56;
	objects = {

/* Begin PBXBuildFile section */
		55B15CBB2FA2F34E00AC7179 /* NoOpCreatureLiveUpdateService.swift in Sources */ = {isa = PBXBuildFile; fileRef = 55B15CBA2FA2F34D00AC7179 /* NoOpCreatureLiveUpdateService.swift */; };
		55B15CBD2FA302B900AC7179 /* ScriptedCreatureLiveUpdateService.swift in Sources */ = {isa = PBXBuildFile; fileRef = 55B15CBC2FA302B900AC7179 /* ScriptedCreatureLiveUpdateService.swift */; };
		55B15CBF2FA3030300AC7179 /* CreatureDetailLiveUpdateTests.swift in Sources */ = {isa = PBXBuildFile; fileRef = 55B15CBE2FA3030300AC7179 /* CreatureDetailLiveUpdateTests.swift */; };
		55B15CF92FAD52E900AC7179 /* CreatureSession.swift in Sources */ = {isa = PBXBuildFile; fileRef = 55B15CF82FAD52E800AC7179 /* CreatureSession.swift */; };
		55B2008B2F91575B00E68399 /* CreatureLinkApp.swift in Sources */ = {isa = PBXBuildFile; fileRef = 55B2008A2F91575B00E68399 /* CreatureLinkApp.swift */; };
		55B2008D2F91575B00E68399 /* CreatureListView.swift in Sources */ = {isa = PBXBuildFile; fileRef = 55B2008C2F91575B00E68399 /* CreatureListView.swift */; };
		55B2008F2F91576000E68399 /* Assets.xcassets in Resources */ = {isa = PBXBuildFile; fileRef = 55B2008E2F91576000E68399 /* Assets.xcassets */; };
		55B200922F91576000E68399 /* Preview Assets.xcassets in Resources */ = {isa = PBXBuildFile; fileRef = 55B200912F91576000E68399 /* Preview Assets.xcassets */; };
		55B2009C2F91576000E68399 /* CreatureLinkTests.swift in Sources */ = {isa = PBXBuildFile; fileRef = 55B2009B2F91576000E68399 /* CreatureLinkTests.swift */; };
		55B200A62F91576100E68399 /* CreatureLinkUITests.swift in Sources */ = {isa = PBXBuildFile; fileRef = 55B200A52F91576100E68399 /* CreatureLinkUITests.swift */; };
		55B200A82F91576100E68399 /* CreatureLinkUITestsLaunchTests.swift in Sources */ = {isa = PBXBuildFile; fileRef = 55B200A72F91576100E68399 /* CreatureLinkUITestsLaunchTests.swift */; };
		55B200C22F9171EE00E68399 /* DiscoveryState.swift in Sources */ = {isa = PBXBuildFile; fileRef = 55B200C12F9171EE00E68399 /* DiscoveryState.swift */; };
		55B200C42F91729900E68399 /* Creature.swift in Sources */ = {isa = PBXBuildFile; fileRef = 55B200C32F91729900E68399 /* Creature.swift */; };
		55B200C62F9172D600E68399 /* CreatureListViewModel.swift in Sources */ = {isa = PBXBuildFile; fileRef = 55B200C52F9172D600E68399 /* CreatureListViewModel.swift */; };
		55B200C82F9172FE00E68399 /* FakeCreatureScannerService.swift in Sources */ = {isa = PBXBuildFile; fileRef = 55B200C72F9172FE00E68399 /* FakeCreatureScannerService.swift */; };
		55B200CA2F91748200E68399 /* CreatureScannerService.swift in Sources */ = {isa = PBXBuildFile; fileRef = 55B200C92F91748200E68399 /* CreatureScannerService.swift */; };
		55B200CC2F9174CC00E68399 /* CreatureRowView.swift in Sources */ = {isa = PBXBuildFile; fileRef = 55B200CB2F9174CC00E68399 /* CreatureRowView.swift */; };
		55B200CE2F918CCE00E68399 /* AppConstants.swift in Sources */ = {isa = PBXBuildFile; fileRef = 55B200CD2F918CCE00E68399 /* AppConstants.swift */; };
		55B200D02F91958100E68399 /* ScannerConfiguration.swift in Sources */ = {isa = PBXBuildFile; fileRef = 55B200CF2F91958100E68399 /* ScannerConfiguration.swift */; };
		55B200D22F9195C900E68399 /* RandomNumberProviding.swift in Sources */ = {isa = PBXBuildFile; fileRef = 55B200D12F9195C900E68399 /* RandomNumberProviding.swift */; };
		55B200D72F91BBC500E68399 /* ScriptedCreatureScannerService.swift in Sources */ = {isa = PBXBuildFile; fileRef = 55B200D62F91BBC500E68399 /* ScriptedCreatureScannerService.swift */; };
		55B200D92F91BC0B00E68399 /* CreatureListViewModelTests.swift in Sources */ = {isa = PBXBuildFile; fileRef = 55B200D82F91BC0B00E68399 /* CreatureListViewModelTests.swift */; };
		55B200DB2F92973400E68399 /* ConnectionState.swift in Sources */ = {isa = PBXBuildFile; fileRef = 55B200DA2F92973400E68399 /* ConnectionState.swift */; };
		55B200DD2F92975200E68399 /* CreatureConnectionService.swift in Sources */ = {isa = PBXBuildFile; fileRef = 55B200DC2F92975200E68399 /* CreatureConnectionService.swift */; };
		55B200DF2F92976500E68399 /* FakeCreatureConnectionService.swift in Sources */ = {isa = PBXBuildFile; fileRef = 55B200DE2F92976500E68399 /* FakeCreatureConnectionService.swift */; };
		55B200E12F92987700E68399 /* CreatureDetailViewModel.swift in Sources */ = {isa = PBXBuildFile; fileRef = 55B200E02F92987700E68399 /* CreatureDetailViewModel.swift */; };
		55B200E32F92989800E68399 /* CreatureDetailView.swift in Sources */ = {isa = PBXBuildFile; fileRef = 55B200E22F92989800E68399 /* CreatureDetailView.swift */; };
		55B200E52F9298BE00E68399 /* ConnectionStatusBadge.swift in Sources */ = {isa = PBXBuildFile; fileRef = 55B200E42F9298BE00E68399 /* ConnectionStatusBadge.swift */; };
		55B200E72F92ACEF00E68399 /* ScriptedCreatureConnectionService.swift in Sources */ = {isa = PBXBuildFile; fileRef = 55B200E62F92ACEF00E68399 /* ScriptedCreatureConnectionService.swift */; };
		55B200E92F92AD8600E68399 /* CreatureDetailViewModelTests.swift in Sources */ = {isa = PBXBuildFile; fileRef = 55B200E82F92AD8600E68399 /* CreatureDetailViewModelTests.swift */; };
		55F3AAA42FA02997002E506C /* CreatureCommand.swift in Sources */ = {isa = PBXBuildFile; fileRef = 55F3AAA32FA02997002E506C /* CreatureCommand.swift */; };
		55F3AAA62FA029CE002E506C /* CreatureCommandService.swift in Sources */ = {isa = PBXBuildFile; fileRef = 55F3AAA52FA029CE002E506C /* CreatureCommandService.swift */; };
		55F3AAA82FA02A23002E506C /* FakeCreatureCommandService.swift in Sources */ = {isa = PBXBuildFile; fileRef = 55F3AAA72FA02A23002E506C /* FakeCreatureCommandService.swift */; };
		55F3AAAA2FA02CBB002E506C /* CommandPickerView.swift in Sources */ = {isa = PBXBuildFile; fileRef = 55F3AAA92FA02CBB002E506C /* CommandPickerView.swift */; };
		55F3AAAC2FA05945002E506C /* ScriptedCreatureCommandService.swift in Sources */ = {isa = PBXBuildFile; fileRef = 55F3AAAB2FA05945002E506C /* ScriptedCreatureCommandService.swift */; };
		55F3AAAE2FA0597D002E506C /* CreatureDetailCommandTests.swift in Sources */ = {isa = PBXBuildFile; fileRef = 55F3AAAD2FA0597D002E506C /* CreatureDetailCommandTests.swift */; };
		55F3AAB02FA1A3BA002E506C /* CreatureLiveUpdateEvent.swift in Sources */ = {isa = PBXBuildFile; fileRef = 55F3AAAF2FA1A3BA002E506C /* CreatureLiveUpdateEvent.swift */; };
		55F3AAB22FA1A41D002E506C /* CreatureLiveUpdateService.swift in Sources */ = {isa = PBXBuildFile; fileRef = 55F3AAB12FA1A41D002E506C /* CreatureLiveUpdateService.swift */; };
		55F3AAB42FA1A454002E506C /* FakeCreatureLiveUpdateService.swift in Sources */ = {isa = PBXBuildFile; fileRef = 55F3AAB32FA1A454002E506C /* FakeCreatureLiveUpdateService.swift */; };
/* End PBXBuildFile section */

/* Begin PBXContainerItemProxy section */
		55B200982F91576000E68399 /* PBXContainerItemProxy */ = {
			isa = PBXContainerItemProxy;
			containerPortal = 55B2007F2F91575B00E68399 /* Project object */;
			proxyType = 1;
			remoteGlobalIDString = 55B200862F91575B00E68399;
			remoteInfo = CreatureLink;
		};
		55B200A22F91576100E68399 /* PBXContainerItemProxy */ = {
			isa = PBXContainerItemProxy;
			containerPortal = 55B2007F2F91575B00E68399 /* Project object */;
			proxyType = 1;
			remoteGlobalIDString = 55B200862F91575B00E68399;
			remoteInfo = CreatureLink;
		};
/* End PBXContainerItemProxy section */

/* Begin PBXFileReference section */
		55B15CBA2FA2F34D00AC7179 /* NoOpCreatureLiveUpdateService.swift */ = {isa = PBXFileReference; lastKnownFileType = sourcecode.swift; path = NoOpCreatureLiveUpdateService.swift; sourceTree = "<group>"; };
		55B15CBC2FA302B900AC7179 /* ScriptedCreatureLiveUpdateService.swift */ = {isa = PBXFileReference; lastKnownFileType = sourcecode.swift; path = ScriptedCreatureLiveUpdateService.swift; sourceTree = "<group>"; };
		55B15CBE2FA3030300AC7179 /* CreatureDetailLiveUpdateTests.swift */ = {isa = PBXFileReference; lastKnownFileType = sourcecode.swift; path = CreatureDetailLiveUpdateTests.swift; sourceTree = "<group>"; };
		55B15CF82FAD52E800AC7179 /* CreatureSession.swift */ = {isa = PBXFileReference; lastKnownFileType = sourcecode.swift; path = CreatureSession.swift; sourceTree = "<group>"; };
		55B200872F91575B00E68399 /* CreatureLink.app */ = {isa = PBXFileReference; explicitFileType = wrapper.application; includeInIndex = 0; path = CreatureLink.app; sourceTree = BUILT_PRODUCTS_DIR; };
		55B2008A2F91575B00E68399 /* CreatureLinkApp.swift */ = {isa = PBXFileReference; lastKnownFileType = sourcecode.swift; path = CreatureLinkApp.swift; sourceTree = "<group>"; };
		55B2008C2F91575B00E68399 /* CreatureListView.swift */ = {isa = PBXFileReference; lastKnownFileType = sourcecode.swift; path = CreatureListView.swift; sourceTree = "<group>"; };
		55B2008E2F91576000E68399 /* Assets.xcassets */ = {isa = PBXFileReference; lastKnownFileType = folder.assetcatalog; path = Assets.xcassets; sourceTree = "<group>"; };
		55B200912F91576000E68399 /* Preview Assets.xcassets */ = {isa = PBXFileReference; lastKnownFileType = folder.assetcatalog; path = "Preview Assets.xcassets"; sourceTree = "<group>"; };
		55B200972F91576000E68399 /* CreatureLinkTests.xctest */ = {isa = PBXFileReference; explicitFileType = wrapper.cfbundle; includeInIndex = 0; path = CreatureLinkTests.xctest; sourceTree = BUILT_PRODUCTS_DIR; };
		55B2009B2F91576000E68399 /* CreatureLinkTests.swift */ = {isa = PBXFileReference; lastKnownFileType = sourcecode.swift; path = CreatureLinkTests.swift; sourceTree = "<group>"; };
		55B200A12F91576100E68399 /* CreatureLinkUITests.xctest */ = {isa = PBXFileReference; explicitFileType = wrapper.cfbundle; includeInIndex = 0; path = CreatureLinkUITests.xctest; sourceTree = BUILT_PRODUCTS_DIR; };
		55B200A52F91576100E68399 /* CreatureLinkUITests.swift */ = {isa = PBXFileReference; lastKnownFileType = sourcecode.swift; path = CreatureLinkUITests.swift; sourceTree = "<group>"; };
		55B200A72F91576100E68399 /* CreatureLinkUITestsLaunchTests.swift */ = {isa = PBXFileReference; lastKnownFileType = sourcecode.swift; path = CreatureLinkUITestsLaunchTests.swift; sourceTree = "<group>"; };
		55B200C12F9171EE00E68399 /* DiscoveryState.swift */ = {isa = PBXFileReference; lastKnownFileType = sourcecode.swift; path = DiscoveryState.swift; sourceTree = "<group>"; };
		55B200C32F91729900E68399 /* Creature.swift */ = {isa = PBXFileReference; lastKnownFileType = sourcecode.swift; path = Creature.swift; sourceTree = "<group>"; };
		55B200C52F9172D600E68399 /* CreatureListViewModel.swift */ = {isa = PBXFileReference; lastKnownFileType = sourcecode.swift; path = CreatureListViewModel.swift; sourceTree = "<group>"; };
		55B200C72F9172FE00E68399 /* FakeCreatureScannerService.swift */ = {isa = PBXFileReference; lastKnownFileType = sourcecode.swift; path = FakeCreatureScannerService.swift; sourceTree = "<group>"; };
		55B200C92F91748200E68399 /* CreatureScannerService.swift */ = {isa = PBXFileReference; lastKnownFileType = sourcecode.swift; path = CreatureScannerService.swift; sourceTree = "<group>"; };
		55B200CB2F9174CC00E68399 /* CreatureRowView.swift */ = {isa = PBXFileReference; lastKnownFileType = sourcecode.swift; path = CreatureRowView.swift; sourceTree = "<group>"; };
		55B200CD2F918CCE00E68399 /* AppConstants.swift */ = {isa = PBXFileReference; lastKnownFileType = sourcecode.swift; path = AppConstants.swift; sourceTree = "<group>"; };
		55B200CF2F91958100E68399 /* ScannerConfiguration.swift */ = {isa = PBXFileReference; lastKnownFileType = sourcecode.swift; path = ScannerConfiguration.swift; sourceTree = "<group>"; };
		55B200D12F9195C900E68399 /* RandomNumberProviding.swift */ = {isa = PBXFileReference; lastKnownFileType = sourcecode.swift; path = RandomNumberProviding.swift; sourceTree = "<group>"; };
		55B200D62F91BBC500E68399 /* ScriptedCreatureScannerService.swift */ = {isa = PBXFileReference; lastKnownFileType = sourcecode.swift; path = ScriptedCreatureScannerService.swift; sourceTree = "<group>"; };
		55B200D82F91BC0B00E68399 /* CreatureListViewModelTests.swift */ = {isa = PBXFileReference; lastKnownFileType = sourcecode.swift; path = CreatureListViewModelTests.swift; sourceTree = "<group>"; };
		55B200DA2F92973400E68399 /* ConnectionState.swift */ = {isa = PBXFileReference; lastKnownFileType = sourcecode.swift; path = ConnectionState.swift; sourceTree = "<group>"; };
		55B200DC2F92975200E68399 /* CreatureConnectionService.swift */ = {isa = PBXFileReference; lastKnownFileType = sourcecode.swift; path = CreatureConnectionService.swift; sourceTree = "<group>"; };
		55B200DE2F92976500E68399 /* FakeCreatureConnectionService.swift */ = {isa = PBXFileReference; lastKnownFileType = sourcecode.swift; path = FakeCreatureConnectionService.swift; sourceTree = "<group>"; };
		55B200E02F92987700E68399 /* CreatureDetailViewModel.swift */ = {isa = PBXFileReference; lastKnownFileType = sourcecode.swift; path = CreatureDetailViewModel.swift; sourceTree = "<group>"; };
		55B200E22F92989800E68399 /* CreatureDetailView.swift */ = {isa = PBXFileReference; lastKnownFileType = sourcecode.swift; path = CreatureDetailView.swift; sourceTree = "<group>"; };
		55B200E42F9298BE00E68399 /* ConnectionStatusBadge.swift */ = {isa = PBXFileReference; lastKnownFileType = sourcecode.swift; path = ConnectionStatusBadge.swift; sourceTree = "<group>"; };
		55B200E62F92ACEF00E68399 /* ScriptedCreatureConnectionService.swift */ = {isa = PBXFileReference; lastKnownFileType = sourcecode.swift; path = ScriptedCreatureConnectionService.swift; sourceTree = "<group>"; };
		55B200E82F92AD8600E68399 /* CreatureDetailViewModelTests.swift */ = {isa = PBXFileReference; lastKnownFileType = sourcecode.swift; path = CreatureDetailViewModelTests.swift; sourceTree = "<group>"; };
		55F3AAA32FA02997002E506C /* CreatureCommand.swift */ = {isa = PBXFileReference; lastKnownFileType = sourcecode.swift; path = CreatureCommand.swift; sourceTree = "<group>"; };
		55F3AAA52FA029CE002E506C /* CreatureCommandService.swift */ = {isa = PBXFileReference; lastKnownFileType = sourcecode.swift; path = CreatureCommandService.swift; sourceTree = "<group>"; };
		55F3AAA72FA02A23002E506C /* FakeCreatureCommandService.swift */ = {isa = PBXFileReference; lastKnownFileType = sourcecode.swift; path = FakeCreatureCommandService.swift; sourceTree = "<group>"; };
		55F3AAA92FA02CBB002E506C /* CommandPickerView.swift */ = {isa = PBXFileReference; lastKnownFileType = sourcecode.swift; path = CommandPickerView.swift; sourceTree = "<group>"; };
		55F3AAAB2FA05945002E506C /* ScriptedCreatureCommandService.swift */ = {isa = PBXFileReference; lastKnownFileType = sourcecode.swift; path = ScriptedCreatureCommandService.swift; sourceTree = "<group>"; };
		55F3AAAD2FA0597D002E506C /* CreatureDetailCommandTests.swift */ = {isa = PBXFileReference; lastKnownFileType = sourcecode.swift; path = CreatureDetailCommandTests.swift; sourceTree = "<group>"; };
		55F3AAAF2FA1A3BA002E506C /* CreatureLiveUpdateEvent.swift */ = {isa = PBXFileReference; lastKnownFileType = sourcecode.swift; path = CreatureLiveUpdateEvent.swift; sourceTree = "<group>"; };
		55F3AAB12FA1A41D002E506C /* CreatureLiveUpdateService.swift */ = {isa = PBXFileReference; lastKnownFileType = sourcecode.swift; path = CreatureLiveUpdateService.swift; sourceTree = "<group>"; };
		55F3AAB32FA1A454002E506C /* FakeCreatureLiveUpdateService.swift */ = {isa = PBXFileReference; lastKnownFileType = sourcecode.swift; path = FakeCreatureLiveUpdateService.swift; sourceTree = "<group>"; };
/* End PBXFileReference section */

/* Begin PBXFrameworksBuildPhase section */
		55B200842F91575B00E68399 /* Frameworks */ = {
			isa = PBXFrameworksBuildPhase;
			buildActionMask = 2147483647;
			files = (
			);
			runOnlyForDeploymentPostprocessing = 0;
		};
		55B200942F91576000E68399 /* Frameworks */ = {
			isa = PBXFrameworksBuildPhase;
			buildActionMask = 2147483647;
			files = (
			);
			runOnlyForDeploymentPostprocessing = 0;
		};
		55B2009E2F91576100E68399 /* Frameworks */ = {
			isa = PBXFrameworksBuildPhase;
			buildActionMask = 2147483647;
			files = (
			);
			runOnlyForDeploymentPostprocessing = 0;
		};
/* End PBXFrameworksBuildPhase section */

/* Begin PBXGroup section */
		55B2007E2F91575B00E68399 = {
			isa = PBXGroup;
			children = (
				55B200892F91575B00E68399 /* CreatureLink */,
				55B2009A2F91576000E68399 /* CreatureLinkTests */,
				55B200A42F91576100E68399 /* CreatureLinkUITests */,
				55B200882F91575B00E68399 /* Products */,
			);
			sourceTree = "<group>";
		};
		55B200882F91575B00E68399 /* Products */ = {
			isa = PBXGroup;
			children = (
				55B200872F91575B00E68399 /* CreatureLink.app */,
				55B200972F91576000E68399 /* CreatureLinkTests.xctest */,
				55B200A12F91576100E68399 /* CreatureLinkUITests.xctest */,
			);
			name = Products;
			sourceTree = "<group>";
		};
		55B200892F91575B00E68399 /* CreatureLink */ = {
			isa = PBXGroup;
			children = (
				55B200C02F915C8F00E68399 /* App */,
				55B200B42F91588600E68399 /* Presentation */,
				55B200B52F91589D00E68399 /* ViewModels */,
				55B200B62F9158B700E68399 /* Domain */,
				55B200B72F9158C700E68399 /* Data */,
				55B200B82F9158D200E68399 /* Utilities */,
				55B200B92F9158E200E68399 /* Resources */,
				55B2008E2F91576000E68399 /* Assets.xcassets */,
				55B200902F91576000E68399 /* Preview Content */,
			);
			path = CreatureLink;
			sourceTree = "<group>";
		};
		55B200902F91576000E68399 /* Preview Content */ = {
			isa = PBXGroup;
			children = (
				55B200912F91576000E68399 /* Preview Assets.xcassets */,
			);
			path = "Preview Content";
			sourceTree = "<group>";
		};
		55B2009A2F91576000E68399 /* CreatureLinkTests */ = {
			isa = PBXGroup;
			children = (
				55B200D32F91BB6000E68399 /* TestDoubles */,
				55B2009B2F91576000E68399 /* CreatureLinkTests.swift */,
				55B200D82F91BC0B00E68399 /* CreatureListViewModelTests.swift */,
				55B200E82F92AD8600E68399 /* CreatureDetailViewModelTests.swift */,
				55F3AAAD2FA0597D002E506C /* CreatureDetailCommandTests.swift */,
				55B15CBE2FA3030300AC7179 /* CreatureDetailLiveUpdateTests.swift */,
			);
			path = CreatureLinkTests;
			sourceTree = "<group>";
		};
		55B200A42F91576100E68399 /* CreatureLinkUITests */ = {
			isa = PBXGroup;
			children = (
				55B200A52F91576100E68399 /* CreatureLinkUITests.swift */,
				55B200A72F91576100E68399 /* CreatureLinkUITestsLaunchTests.swift */,
			);
			path = CreatureLinkUITests;
			sourceTree = "<group>";
		};
		55B200B42F91588600E68399 /* Presentation */ = {
			isa = PBXGroup;
			children = (
				55B200BC2F915A6E00E68399 /* Screens */,
				55B200BD2F915A8300E68399 /* Components */,
			);
			path = Presentation;
			sourceTree = "<group>";
		};
		55B200B52F91589D00E68399 /* ViewModels */ = {
			isa = PBXGroup;
			children = (
				55B200C52F9172D600E68399 /* CreatureListViewModel.swift */,
				55B200E02F92987700E68399 /* CreatureDetailViewModel.swift */,
			);
			path = ViewModels;
			sourceTree = "<group>";
		};
		55B200B62F9158B700E68399 /* Domain */ = {
			isa = PBXGroup;
			children = (
				55B200BA2F9159C000E68399 /* Models */,
				55B200BB2F9159CD00E68399 /* UseCases */,
			);
			path = Domain;
			sourceTree = "<group>";
		};
		55B200B72F9158C700E68399 /* Data */ = {
			isa = PBXGroup;
			children = (
				55B200BE2F915AA700E68399 /* Services */,
				55B200BF2F915AB300E68399 /* Repositories */,
			);
			path = Data;
			sourceTree = "<group>";
		};
		55B200B82F9158D200E68399 /* Utilities */ = {
			isa = PBXGroup;
			children = (
				55B200CD2F918CCE00E68399 /* AppConstants.swift */,
			);
			path = Utilities;
			sourceTree = "<group>";
		};
		55B200B92F9158E200E68399 /* Resources */ = {
			isa = PBXGroup;
			children = (
			);
			path = Resources;
			sourceTree = "<group>";
		};
		55B200BA2F9159C000E68399 /* Models */ = {
			isa = PBXGroup;
			children = (
				55B200C32F91729900E68399 /* Creature.swift */,
				55B200C12F9171EE00E68399 /* DiscoveryState.swift */,
				55B200DA2F92973400E68399 /* ConnectionState.swift */,
				55F3AAA32FA02997002E506C /* CreatureCommand.swift */,
				55F3AAAF2FA1A3BA002E506C /* CreatureLiveUpdateEvent.swift */,
				55B15CF82FAD52E800AC7179 /* CreatureSession.swift */,
			);
			path = Models;
			sourceTree = "<group>";
		};
		55B200BB2F9159CD00E68399 /* UseCases */ = {
			isa = PBXGroup;
			children = (
			);
			path = UseCases;
			sourceTree = "<group>";
		};
		55B200BC2F915A6E00E68399 /* Screens */ = {
			isa = PBXGroup;
			children = (
				55B2008C2F91575B00E68399 /* CreatureListView.swift */,
				55B200E22F92989800E68399 /* CreatureDetailView.swift */,
			);
			path = Screens;
			sourceTree = "<group>";
		};
		55B200BD2F915A8300E68399 /* Components */ = {
			isa = PBXGroup;
			children = (
				55B200CB2F9174CC00E68399 /* CreatureRowView.swift */,
				55B200E42F9298BE00E68399 /* ConnectionStatusBadge.swift */,
				55F3AAA92FA02CBB002E506C /* CommandPickerView.swift */,
			);
			path = Components;
			sourceTree = "<group>";
		};
		55B200BE2F915AA700E68399 /* Services */ = {
			isa = PBXGroup;
			children = (
				55B200C92F91748200E68399 /* CreatureScannerService.swift */,
				55B200C72F9172FE00E68399 /* FakeCreatureScannerService.swift */,
				55B200DC2F92975200E68399 /* CreatureConnectionService.swift */,
				55B200DE2F92976500E68399 /* FakeCreatureConnectionService.swift */,
				55F3AAA52FA029CE002E506C /* CreatureCommandService.swift */,
				55F3AAA72FA02A23002E506C /* FakeCreatureCommandService.swift */,
				55F3AAB12FA1A41D002E506C /* CreatureLiveUpdateService.swift */,
				55F3AAB32FA1A454002E506C /* FakeCreatureLiveUpdateService.swift */,
				55B200CF2F91958100E68399 /* ScannerConfiguration.swift */,
				55B200D12F9195C900E68399 /* RandomNumberProviding.swift */,
			);
			path = Services;
			sourceTree = "<group>";
		};
		55B200BF2F915AB300E68399 /* Repositories */ = {
			isa = PBXGroup;
			children = (
			);
			path = Repositories;
			sourceTree = "<group>";
		};
		55B200C02F915C8F00E68399 /* App */ = {
			isa = PBXGroup;
			children = (
				55B2008A2F91575B00E68399 /* CreatureLinkApp.swift */,
			);
			path = App;
			sourceTree = "<group>";
		};
		55B200D32F91BB6000E68399 /* TestDoubles */ = {
			isa = PBXGroup;
			children = (
				55B200D62F91BBC500E68399 /* ScriptedCreatureScannerService.swift */,
				55B200E62F92ACEF00E68399 /* ScriptedCreatureConnectionService.swift */,
				55F3AAAB2FA05945002E506C /* ScriptedCreatureCommandService.swift */,
				55B15CBA2FA2F34D00AC7179 /* NoOpCreatureLiveUpdateService.swift */,
				55B15CBC2FA302B900AC7179 /* ScriptedCreatureLiveUpdateService.swift */,
			);
			path = TestDoubles;
			sourceTree = "<group>";
		};
/* End PBXGroup section */

/* Begin PBXNativeTarget section */
		55B200862F91575B00E68399 /* CreatureLink */ = {
			isa = PBXNativeTarget;
			buildConfigurationList = 55B200AB2F91576100E68399 /* Build configuration list for PBXNativeTarget "CreatureLink" */;
			buildPhases = (
				55B200832F91575B00E68399 /* Sources */,
				55B200842F91575B00E68399 /* Frameworks */,
				55B200852F91575B00E68399 /* Resources */,
			);
			buildRules = (
			);
			dependencies = (
			);
			name = CreatureLink;
			productName = CreatureLink;
			productReference = 55B200872F91575B00E68399 /* CreatureLink.app */;
			productType = "com.apple.product-type.application";
		};
		55B200962F91576000E68399 /* CreatureLinkTests */ = {
			isa = PBXNativeTarget;
			buildConfigurationList = 55B200AE2F91576100E68399 /* Build configuration list for PBXNativeTarget "CreatureLinkTests" */;
			buildPhases = (
				55B200932F91576000E68399 /* Sources */,
				55B200942F91576000E68399 /* Frameworks */,
				55B200952F91576000E68399 /* Resources */,
			);
			buildRules = (
			);
			dependencies = (
				55B200992F91576000E68399 /* PBXTargetDependency */,
			);
			name = CreatureLinkTests;
			productName = CreatureLinkTests;
			productReference = 55B200972F91576000E68399 /* CreatureLinkTests.xctest */;
			productType = "com.apple.product-type.bundle.unit-test";
		};
		55B200A02F91576100E68399 /* CreatureLinkUITests */ = {
			isa = PBXNativeTarget;
			buildConfigurationList = 55B200B12F91576100E68399 /* Build configuration list for PBXNativeTarget "CreatureLinkUITests" */;
			buildPhases = (
				55B2009D2F91576100E68399 /* Sources */,
				55B2009E2F91576100E68399 /* Frameworks */,
				55B2009F2F91576100E68399 /* Resources */,
			);
			buildRules = (
			);
			dependencies = (
				55B200A32F91576100E68399 /* PBXTargetDependency */,
			);
			name = CreatureLinkUITests;
			productName = CreatureLinkUITests;
			productReference = 55B200A12F91576100E68399 /* CreatureLinkUITests.xctest */;
			productType = "com.apple.product-type.bundle.ui-testing";
		};
/* End PBXNativeTarget section */

/* Begin PBXProject section */
		55B2007F2F91575B00E68399 /* Project object */ = {
			isa = PBXProject;
			attributes = {
				BuildIndependentTargetsInParallel = 1;
				LastSwiftUpdateCheck = 2660;
				LastUpgradeCheck = 2660;
				TargetAttributes = {
					55B200862F91575B00E68399 = {
						CreatedOnToolsVersion = 14.2;
					};
					55B200962F91576000E68399 = {
						CreatedOnToolsVersion = 14.2;
						TestTargetID = 55B200862F91575B00E68399;
					};
					55B200A02F91576100E68399 = {
						CreatedOnToolsVersion = 14.2;
						TestTargetID = 55B200862F91575B00E68399;
					};
				};
			};
			buildConfigurationList = 55B200822F91575B00E68399 /* Build configuration list for PBXProject "CreatureLink" */;
			compatibilityVersion = "Xcode 14.0";
			developmentRegion = en;
			hasScannedForEncodings = 0;
			knownRegions = (
				en,
				Base,
			);
			mainGroup = 55B2007E2F91575B00E68399;
			productRefGroup = 55B200882F91575B00E68399 /* Products */;
			projectDirPath = "";
			projectRoot = "";
			targets = (
				55B200862F91575B00E68399 /* CreatureLink */,
				55B200962F91576000E68399 /* CreatureLinkTests */,
				55B200A02F91576100E68399 /* CreatureLinkUITests */,
			);
		};
/* End PBXProject section */

/* Begin PBXResourcesBuildPhase section */
		55B200852F91575B00E68399 /* Resources */ = {
			isa = PBXResourcesBuildPhase;
			buildActionMask = 2147483647;
			files = (
				55B200922F91576000E68399 /* Preview Assets.xcassets in Resources */,
				55B2008F2F91576000E68399 /* Assets.xcassets in Resources */,
			);
			runOnlyForDeploymentPostprocessing = 0;
		};
		55B200952F91576000E68399 /* Resources */ = {
			isa = PBXResourcesBuildPhase;
			buildActionMask = 2147483647;
			files = (
			);
			runOnlyForDeploymentPostprocessing = 0;
		};
		55B2009F2F91576100E68399 /* Resources */ = {
			isa = PBXResourcesBuildPhase;
			buildActionMask = 2147483647;
			files = (
			);
			runOnlyForDeploymentPostprocessing = 0;
		};
/* End PBXResourcesBuildPhase section */

/* Begin PBXSourcesBuildPhase section */
		55B200832F91575B00E68399 /* Sources */ = {
			isa = PBXSourcesBuildPhase;
			buildActionMask = 2147483647;
			files = (
				55F3AAA42FA02997002E506C /* CreatureCommand.swift in Sources */,
				55B200C42F91729900E68399 /* Creature.swift in Sources */,
				55F3AAB02FA1A3BA002E506C /* CreatureLiveUpdateEvent.swift in Sources */,
				55B200CE2F918CCE00E68399 /* AppConstants.swift in Sources */,
				55F3AAB42FA1A454002E506C /* FakeCreatureLiveUpdateService.swift in Sources */,
				55B200CA2F91748200E68399 /* CreatureScannerService.swift in Sources */,
				55B15CF92FAD52E900AC7179 /* CreatureSession.swift in Sources */,
				55B200DF2F92976500E68399 /* FakeCreatureConnectionService.swift in Sources */,
				55B200E12F92987700E68399 /* CreatureDetailViewModel.swift in Sources */,
				55B2008D2F91575B00E68399 /* CreatureListView.swift in Sources */,
				55F3AAA62FA029CE002E506C /* CreatureCommandService.swift in Sources */,
				55B200E52F9298BE00E68399 /* ConnectionStatusBadge.swift in Sources */,
				55B200C82F9172FE00E68399 /* FakeCreatureScannerService.swift in Sources */,
				55B200DB2F92973400E68399 /* ConnectionState.swift in Sources */,
				55B200DD2F92975200E68399 /* CreatureConnectionService.swift in Sources */,
				55B200C62F9172D600E68399 /* CreatureListViewModel.swift in Sources */,
				55F3AAB22FA1A41D002E506C /* CreatureLiveUpdateService.swift in Sources */,
				55F3AAAA2FA02CBB002E506C /* CommandPickerView.swift in Sources */,
				55B2008B2F91575B00E68399 /* CreatureLinkApp.swift in Sources */,
				55F3AAA82FA02A23002E506C /* FakeCreatureCommandService.swift in Sources */,
				55B200CC2F9174CC00E68399 /* CreatureRowView.swift in Sources */,
				55B200E32F92989800E68399 /* CreatureDetailView.swift in Sources */,
				55B200D22F9195C900E68399 /* RandomNumberProviding.swift in Sources */,
				55B200C22F9171EE00E68399 /* DiscoveryState.swift in Sources */,
				55B200D02F91958100E68399 /* ScannerConfiguration.swift in Sources */,
			);
			runOnlyForDeploymentPostprocessing = 0;
		};
		55B200932F91576000E68399 /* Sources */ = {
			isa = PBXSourcesBuildPhase;
			buildActionMask = 2147483647;
			files = (
				55B15CBF2FA3030300AC7179 /* CreatureDetailLiveUpdateTests.swift in Sources */,
				55B200E92F92AD8600E68399 /* CreatureDetailViewModelTests.swift in Sources */,
				55B15CBB2FA2F34E00AC7179 /* NoOpCreatureLiveUpdateService.swift in Sources */,
				55B200E72F92ACEF00E68399 /* ScriptedCreatureConnectionService.swift in Sources */,
				55B2009C2F91576000E68399 /* CreatureLinkTests.swift in Sources */,
				55B200D92F91BC0B00E68399 /* CreatureListViewModelTests.swift in Sources */,
				55F3AAAC2FA05945002E506C /* ScriptedCreatureCommandService.swift in Sources */,
				55B200D72F91BBC500E68399 /* ScriptedCreatureScannerService.swift in Sources */,
				55F3AAAE2FA0597D002E506C /* CreatureDetailCommandTests.swift in Sources */,
				55B15CBD2FA302B900AC7179 /* ScriptedCreatureLiveUpdateService.swift in Sources */,
			);
			runOnlyForDeploymentPostprocessing = 0;
		};
		55B2009D2F91576100E68399 /* Sources */ = {
			isa = PBXSourcesBuildPhase;
			buildActionMask = 2147483647;
			files = (
				55B200A62F91576100E68399 /* CreatureLinkUITests.swift in Sources */,
				55B200A82F91576100E68399 /* CreatureLinkUITestsLaunchTests.swift in Sources */,
			);
			runOnlyForDeploymentPostprocessing = 0;
		};
/* End PBXSourcesBuildPhase section */

/* Begin PBXTargetDependency section */
		55B200992F91576000E68399 /* PBXTargetDependency */ = {
			isa = PBXTargetDependency;
			target = 55B200862F91575B00E68399 /* CreatureLink */;
			targetProxy = 55B200982F91576000E68399 /* PBXContainerItemProxy */;
		};
		55B200A32F91576100E68399 /* PBXTargetDependency */ = {
			isa = PBXTargetDependency;
			target = 55B200862F91575B00E68399 /* CreatureLink */;
			targetProxy = 55B200A22F91576100E68399 /* PBXContainerItemProxy */;
		};
/* End PBXTargetDependency section */

/* Begin XCBuildConfiguration section */
		55B200A92F91576100E68399 /* Debug */ = {
			isa = XCBuildConfiguration;
			buildSettings = {
				ALWAYS_SEARCH_USER_PATHS = NO;
				CLANG_ANALYZER_NONNULL = YES;
				CLANG_ANALYZER_NUMBER_OBJECT_CONVERSION = YES_AGGRESSIVE;
				CLANG_CXX_LANGUAGE_STANDARD = "gnu++20";
				CLANG_ENABLE_MODULES = YES;
				CLANG_ENABLE_OBJC_ARC = YES;
				CLANG_ENABLE_OBJC_WEAK = YES;
				CLANG_WARN_BLOCK_CAPTURE_AUTORELEASING = YES;
				CLANG_WARN_BOOL_CONVERSION = YES;
				CLANG_WARN_COMMA = YES;
				CLANG_WARN_CONSTANT_CONVERSION = YES;
				CLANG_WARN_DEPRECATED_OBJC_IMPLEMENTATIONS = YES;
				CLANG_WARN_DIRECT_OBJC_ISA_USAGE = YES_ERROR;
				CLANG_WARN_DOCUMENTATION_COMMENTS = YES;
				CLANG_WARN_EMPTY_BODY = YES;
				CLANG_WARN_ENUM_CONVERSION = YES;
				CLANG_WARN_INFINITE_RECURSION = YES;
				CLANG_WARN_INT_CONVERSION = YES;
				CLANG_WARN_NON_LITERAL_NULL_CONVERSION = YES;
				CLANG_WARN_OBJC_IMPLICIT_RETAIN_SELF = YES;
				CLANG_WARN_OBJC_LITERAL_CONVERSION = YES;
				CLANG_WARN_OBJC_ROOT_CLASS = YES_ERROR;
				CLANG_WARN_QUOTED_INCLUDE_IN_FRAMEWORK_HEADER = YES;
				CLANG_WARN_RANGE_LOOP_ANALYSIS = YES;
				CLANG_WARN_STRICT_PROTOTYPES = YES;
				CLANG_WARN_SUSPICIOUS_MOVE = YES;
				CLANG_WARN_UNGUARDED_AVAILABILITY = YES_AGGRESSIVE;
				CLANG_WARN_UNREACHABLE_CODE = YES;
				CLANG_WARN__DUPLICATE_METHOD_MATCH = YES;
				COPY_PHASE_STRIP = NO;
				DEBUG_INFORMATION_FORMAT = dwarf;
				ENABLE_STRICT_OBJC_MSGSEND = YES;
				ENABLE_TESTABILITY = YES;
				ENABLE_USER_SCRIPT_SANDBOXING = YES;
				GCC_C_LANGUAGE_STANDARD = gnu11;
				GCC_DYNAMIC_NO_PIC = NO;
				GCC_NO_COMMON_BLOCKS = YES;
				GCC_OPTIMIZATION_LEVEL = 0;
				GCC_PREPROCESSOR_DEFINITIONS = (
					"DEBUG=1",
					"$(inherited)",
				);
				GCC_WARN_64_TO_32_BIT_CONVERSION = YES;
				GCC_WARN_ABOUT_RETURN_TYPE = YES_ERROR;
				GCC_WARN_UNDECLARED_SELECTOR = YES;
				GCC_WARN_UNINITIALIZED_AUTOS = YES_AGGRESSIVE;
				GCC_WARN_UNUSED_FUNCTION = YES;
				GCC_WARN_UNUSED_VARIABLE = YES;
				IPHONEOS_DEPLOYMENT_TARGET = 16.2;
				MTL_ENABLE_DEBUG_INFO = INCLUDE_SOURCE;
				MTL_FAST_MATH = YES;
				ONLY_ACTIVE_ARCH = YES;
				SDKROOT = iphoneos;
				STRING_CATALOG_GENERATE_SYMBOLS = YES;
				SWIFT_ACTIVE_COMPILATION_CONDITIONS = DEBUG;
				SWIFT_OPTIMIZATION_LEVEL = "-Onone";
			};
			name = Debug;
		};
		55B200AA2F91576100E68399 /* Release */ = {
			isa = XCBuildConfiguration;
			buildSettings = {
				ALWAYS_SEARCH_USER_PATHS = NO;
				CLANG_ANALYZER_NONNULL = YES;
				CLANG_ANALYZER_NUMBER_OBJECT_CONVERSION = YES_AGGRESSIVE;
				CLANG_CXX_LANGUAGE_STANDARD = "gnu++20";
				CLANG_ENABLE_MODULES = YES;
				CLANG_ENABLE_OBJC_ARC = YES;
				CLANG_ENABLE_OBJC_WEAK = YES;
				CLANG_WARN_BLOCK_CAPTURE_AUTORELEASING = YES;
				CLANG_WARN_BOOL_CONVERSION = YES;
				CLANG_WARN_COMMA = YES;
				CLANG_WARN_CONSTANT_CONVERSION = YES;
				CLANG_WARN_DEPRECATED_OBJC_IMPLEMENTATIONS = YES;
				CLANG_WARN_DIRECT_OBJC_ISA_USAGE = YES_ERROR;
				CLANG_WARN_DOCUMENTATION_COMMENTS = YES;
				CLANG_WARN_EMPTY_BODY = YES;
				CLANG_WARN_ENUM_CONVERSION = YES;
				CLANG_WARN_INFINITE_RECURSION = YES;
				CLANG_WARN_INT_CONVERSION = YES;
				CLANG_WARN_NON_LITERAL_NULL_CONVERSION = YES;
				CLANG_WARN_OBJC_IMPLICIT_RETAIN_SELF = YES;
				CLANG_WARN_OBJC_LITERAL_CONVERSION = YES;
				CLANG_WARN_OBJC_ROOT_CLASS = YES_ERROR;
				CLANG_WARN_QUOTED_INCLUDE_IN_FRAMEWORK_HEADER = YES;
				CLANG_WARN_RANGE_LOOP_ANALYSIS = YES;
				CLANG_WARN_STRICT_PROTOTYPES = YES;
				CLANG_WARN_SUSPICIOUS_MOVE = YES;
				CLANG_WARN_UNGUARDED_AVAILABILITY = YES_AGGRESSIVE;
				CLANG_WARN_UNREACHABLE_CODE = YES;
				CLANG_WARN__DUPLICATE_METHOD_MATCH = YES;
				COPY_PHASE_STRIP = NO;
				DEBUG_INFORMATION_FORMAT = "dwarf-with-dsym";
				ENABLE_NS_ASSERTIONS = NO;
				ENABLE_STRICT_OBJC_MSGSEND = YES;
				ENABLE_USER_SCRIPT_SANDBOXING = YES;
				GCC_C_LANGUAGE_STANDARD = gnu11;
				GCC_NO_COMMON_BLOCKS = YES;
				GCC_WARN_64_TO_32_BIT_CONVERSION = YES;
				GCC_WARN_ABOUT_RETURN_TYPE = YES_ERROR;
				GCC_WARN_UNDECLARED_SELECTOR = YES;
				GCC_WARN_UNINITIALIZED_AUTOS = YES_AGGRESSIVE;
				GCC_WARN_UNUSED_FUNCTION = YES;
				GCC_WARN_UNUSED_VARIABLE = YES;
				IPHONEOS_DEPLOYMENT_TARGET = 16.2;
				MTL_ENABLE_DEBUG_INFO = NO;
				MTL_FAST_MATH = YES;
				SDKROOT = iphoneos;
				STRING_CATALOG_GENERATE_SYMBOLS = YES;
				SWIFT_COMPILATION_MODE = wholemodule;
				SWIFT_OPTIMIZATION_LEVEL = "-O";
				VALIDATE_PRODUCT = YES;
			};
			name = Release;
		};
		55B200AC2F91576100E68399 /* Debug */ = {
			isa = XCBuildConfiguration;
			buildSettings = {
				ASSETCATALOG_COMPILER_APPICON_NAME = AppIcon;
				ASSETCATALOG_COMPILER_GLOBAL_ACCENT_COLOR_NAME = AccentColor;
				CODE_SIGN_STYLE = Automatic;
				CURRENT_PROJECT_VERSION = 1;
				DEVELOPMENT_ASSET_PATHS = "\"CreatureLink/Preview Content\"";
				DEVELOPMENT_TEAM = YJFF52U4M8;
				ENABLE_PREVIEWS = YES;
				GENERATE_INFOPLIST_FILE = YES;
				INFOPLIST_KEY_UIApplicationSceneManifest_Generation = YES;
				INFOPLIST_KEY_UIApplicationSupportsIndirectInputEvents = YES;
				INFOPLIST_KEY_UILaunchScreen_Generation = YES;
				INFOPLIST_KEY_UISupportedInterfaceOrientations_iPad = "UIInterfaceOrientationPortrait UIInterfaceOrientationPortraitUpsideDown UIInterfaceOrientationLandscapeLeft UIInterfaceOrientationLandscapeRight";
				INFOPLIST_KEY_UISupportedInterfaceOrientations_iPhone = "UIInterfaceOrientationPortrait UIInterfaceOrientationLandscapeLeft UIInterfaceOrientationLandscapeRight";
				LD_RUNPATH_SEARCH_PATHS = (
					"$(inherited)",
					"@executable_path/Frameworks",
				);
				MARKETING_VERSION = 1.0;
				PRODUCT_BUNDLE_IDENTIFIER = crg3.CreatureLink;
				PRODUCT_NAME = "$(TARGET_NAME)";
				SWIFT_EMIT_LOC_STRINGS = YES;
				SWIFT_STRICT_CONCURRENCY = complete;
				SWIFT_VERSION = 5.0;
				TARGETED_DEVICE_FAMILY = "1,2";
			};
			name = Debug;
		};
		55B200AD2F91576100E68399 /* Release */ = {
			isa = XCBuildConfiguration;
			buildSettings = {
				ASSETCATALOG_COMPILER_APPICON_NAME = AppIcon;
				ASSETCATALOG_COMPILER_GLOBAL_ACCENT_COLOR_NAME = AccentColor;
				CODE_SIGN_STYLE = Automatic;
				CURRENT_PROJECT_VERSION = 1;
				DEVELOPMENT_ASSET_PATHS = "\"CreatureLink/Preview Content\"";
				DEVELOPMENT_TEAM = YJFF52U4M8;
				ENABLE_PREVIEWS = YES;
				GENERATE_INFOPLIST_FILE = YES;
				INFOPLIST_KEY_UIApplicationSceneManifest_Generation = YES;
				INFOPLIST_KEY_UIApplicationSupportsIndirectInputEvents = YES;
				INFOPLIST_KEY_UILaunchScreen_Generation = YES;
				INFOPLIST_KEY_UISupportedInterfaceOrientations_iPad = "UIInterfaceOrientationPortrait UIInterfaceOrientationPortraitUpsideDown UIInterfaceOrientationLandscapeLeft UIInterfaceOrientationLandscapeRight";
				INFOPLIST_KEY_UISupportedInterfaceOrientations_iPhone = "UIInterfaceOrientationPortrait UIInterfaceOrientationLandscapeLeft UIInterfaceOrientationLandscapeRight";
				LD_RUNPATH_SEARCH_PATHS = (
					"$(inherited)",
					"@executable_path/Frameworks",
				);
				MARKETING_VERSION = 1.0;
				PRODUCT_BUNDLE_IDENTIFIER = crg3.CreatureLink;
				PRODUCT_NAME = "$(TARGET_NAME)";
				SWIFT_EMIT_LOC_STRINGS = YES;
				SWIFT_STRICT_CONCURRENCY = complete;
				SWIFT_VERSION = 5.0;
				TARGETED_DEVICE_FAMILY = "1,2";
			};
			name = Release;
		};
		55B200AF2F91576100E68399 /* Debug */ = {
			isa = XCBuildConfiguration;
			buildSettings = {
				BUNDLE_LOADER = "$(TEST_HOST)";
				CODE_SIGN_STYLE = Automatic;
				CURRENT_PROJECT_VERSION = 1;
				DEVELOPMENT_TEAM = YJFF52U4M8;
				GENERATE_INFOPLIST_FILE = YES;
				IPHONEOS_DEPLOYMENT_TARGET = 16.2;
				MARKETING_VERSION = 1.0;
				PRODUCT_BUNDLE_IDENTIFIER = crg3.CreatureLinkTests;
				PRODUCT_NAME = "$(TARGET_NAME)";
				SWIFT_EMIT_LOC_STRINGS = NO;
				SWIFT_STRICT_CONCURRENCY = complete;
				SWIFT_VERSION = 5.0;
				TARGETED_DEVICE_FAMILY = "1,2";
				TEST_HOST = "$(BUILT_PRODUCTS_DIR)/CreatureLink.app/$(BUNDLE_EXECUTABLE_FOLDER_PATH)/CreatureLink";
			};
			name = Debug;
		};
		55B200B02F91576100E68399 /* Release */ = {
			isa = XCBuildConfiguration;
			buildSettings = {
				BUNDLE_LOADER = "$(TEST_HOST)";
				CODE_SIGN_STYLE = Automatic;
				CURRENT_PROJECT_VERSION = 1;
				DEVELOPMENT_TEAM = YJFF52U4M8;
				GENERATE_INFOPLIST_FILE = YES;
				IPHONEOS_DEPLOYMENT_TARGET = 16.2;
				MARKETING_VERSION = 1.0;
				PRODUCT_BUNDLE_IDENTIFIER = crg3.CreatureLinkTests;
				PRODUCT_NAME = "$(TARGET_NAME)";
				SWIFT_EMIT_LOC_STRINGS = NO;
				SWIFT_STRICT_CONCURRENCY = complete;
				SWIFT_VERSION = 5.0;
				TARGETED_DEVICE_FAMILY = "1,2";
				TEST_HOST = "$(BUILT_PRODUCTS_DIR)/CreatureLink.app/$(BUNDLE_EXECUTABLE_FOLDER_PATH)/CreatureLink";
			};
			name = Release;
		};
		55B200B22F91576100E68399 /* Debug */ = {
			isa = XCBuildConfiguration;
			buildSettings = {
				CODE_SIGN_STYLE = Automatic;
				CURRENT_PROJECT_VERSION = 1;
				DEVELOPMENT_TEAM = YJFF52U4M8;
				GENERATE_INFOPLIST_FILE = YES;
				MARKETING_VERSION = 1.0;
				PRODUCT_BUNDLE_IDENTIFIER = crg3.CreatureLinkUITests;
				PRODUCT_NAME = "$(TARGET_NAME)";
				SWIFT_EMIT_LOC_STRINGS = NO;
				SWIFT_STRICT_CONCURRENCY = complete;
				SWIFT_VERSION = 5.0;
				TARGETED_DEVICE_FAMILY = "1,2";
				TEST_TARGET_NAME = CreatureLink;
			};
			name = Debug;
		};
		55B200B32F91576100E68399 /* Release */ = {
			isa = XCBuildConfiguration;
			buildSettings = {
				CODE_SIGN_STYLE = Automatic;
				CURRENT_PROJECT_VERSION = 1;
				DEVELOPMENT_TEAM = YJFF52U4M8;
				GENERATE_INFOPLIST_FILE = YES;
				MARKETING_VERSION = 1.0;
				PRODUCT_BUNDLE_IDENTIFIER = crg3.CreatureLinkUITests;
				PRODUCT_NAME = "$(TARGET_NAME)";
				SWIFT_EMIT_LOC_STRINGS = NO;
				SWIFT_STRICT_CONCURRENCY = complete;
				SWIFT_VERSION = 5.0;
				TARGETED_DEVICE_FAMILY = "1,2";
				TEST_TARGET_NAME = CreatureLink;
			};
			name = Release;
		};
/* End XCBuildConfiguration section */

/* Begin XCConfigurationList section */
		55B200822F91575B00E68399 /* Build configuration list for PBXProject "CreatureLink" */ = {
			isa = XCConfigurationList;
			buildConfigurations = (
				55B200A92F91576100E68399 /* Debug */,
				55B200AA2F91576100E68399 /* Release */,
			);
			defaultConfigurationIsVisible = 0;
			defaultConfigurationName = Release;
		};
		55B200AB2F91576100E68399 /* Build configuration list for PBXNativeTarget "CreatureLink" */ = {
			isa = XCConfigurationList;
			buildConfigurations = (
				55B200AC2F91576100E68399 /* Debug */,
				55B200AD2F91576100E68399 /* Release */,
			);
			defaultConfigurationIsVisible = 0;
			defaultConfigurationName = Release;
		};
		55B200AE2F91576100E68399 /* Build configuration list for PBXNativeTarget "CreatureLinkTests" */ = {
			isa = XCConfigurationList;
			buildConfigurations = (
				55B200AF2F91576100E68399 /* Debug */,
				55B200B02F91576100E68399 /* Release */,
			);
			defaultConfigurationIsVisible = 0;
			defaultConfigurationName = Release;
		};
		55B200B12F91576100E68399 /* Build configuration list for PBXNativeTarget "CreatureLinkUITests" */ = {
			isa = XCConfigurationList;
			buildConfigurations = (
				55B200B22F91576100E68399 /* Debug */,
				55B200B32F91576100E68399 /* Release */,
			);
			defaultConfigurationIsVisible = 0;
			defaultConfigurationName = Release;
		};
/* End XCConfigurationList section */
	};
	rootObject = 55B2007F2F91575B00E68399 /* Project object */;
}
